
Microsoft Visual Studio Solution File, Format Version 12.00
# Visual Studio Version 16
VisualStudioVersion = 16.0.30128.74
MinimumVisualStudioVersion = 10.0.40219.1
Project("{FAE04EC0-301F-11D3-BF4B-00C04F79EFBC}") = "Sage100c_SysLibreExt", "Sage100c_SysLibreExt.csproj", "{814518AC-7473-471D-B548-C81BB7D59A57}"
EndProject
Global
	GlobalSection(SolutionConfigurationPlatforms) = preSolution
		Debug|Any CPU = Debug|Any CPU
		Release|Any CPU = Release|Any CPU
	EndGlobalSection
	GlobalSection(ProjectConfigurationPlatforms) = postSolution
		{814518AC-7473-471D-B548-C81BB7D59A57}.Debug|Any CPU.ActiveCfg = Debug|Any CPU
		{814518AC-7473-471D-B548-C81BB7D59A57}.Debug|Any CPU.Build.0 = Debug|Any CPU
		{814518AC-7473-471D-B548-C81BB7D59A57}.Release|Any CPU.ActiveCfg = Release|Any CPU
		{814518AC-7473-471D-B548-C81BB7D59A57}.Release|Any CPU.Build.0 = Release|Any CPU
	EndGlobalSection
	GlobalSection(SolutionProperties) = preSolution
		HideSolutionNode = FALSE
	EndGlobalSection
	GlobalSection(ExtensibilityGlobals) = postSolution
		SolutionGuid = {41E00528-E005-4D2A-92C5-2AE05D58F3A9}
	EndGlobalSection
EndGlobal
